// !$*UTF8*$!
{
	archiveVersion = 1;
	classes = {
	};
	objectVersion = 46;
	objects = {

/* Begin PBXBuildFile section */
		91D700EB1521D9700013AAAD /* UIKit.framework in Frameworks */ = {isa = PBXBuildFile; fileRef = 91D700EA1521D9700013AAAD /* UIKit.framework */; };
		91D700ED1521D9700013AAAD /* Foundation.framework in Frameworks */ = {isa = PBXBuildFile; fileRef = 91D700EC1521D9700013AAAD /* Foundation.framework */; };
		91D700EF1521D9700013AAAD /* CoreGraphics.framework in Frameworks */ = {isa = PBXBuildFile; fileRef = 91D700EE1521D9700013AAAD /* CoreGraphics.framework */; };
		91D700F51521D9700013AAAD /* InfoPlist.strings in Resources */ = {isa = PBXBuildFile; fileRef = 91D700F31521D9700013AAAD /* InfoPlist.strings */; };
		91D700F71521D9700013AAAD /* main.m in Sources */ = {isa = PBXBuildFile; fileRef = 91D700F61521D9700013AAAD /* main.m */; };
		91D700FB1521D9700013AAAD /* AppDelegate.m in Sources */ = {isa = PBXBuildFile; fileRef = 91D700FA1521D9700013AAAD /* AppDelegate.m */; };
		91D700FE1521D9700013AAAD /* FirstViewController.m in Sources */ = {isa = PBXBuildFile; fileRef = 91D700FD1521D9700013AAAD /* FirstViewController.m */; };
		91D701001521D9710013AAAD /* first.png in Resources */ = {isa = PBXBuildFile; fileRef = 91D700FF1521D9710013AAAD /* first.png */; };
		91D701021521D9710013AAAD /* first@2x.png in Resources */ = {isa = PBXBuildFile; fileRef = 91D701011521D9710013AAAD /* first@2x.png */; };
		91D701051521D9710013AAAD /* SecondViewController.m in Sources */ = {isa = PBXBuildFile; fileRef = 91D701041521D9710013AAAD /* SecondViewController.m */; };
		91D701071521D9710013AAAD /* second.png in Resources */ = {isa = PBXBuildFile; fileRef = 91D701061521D9710013AAAD /* second.png */; };
		91D701091521D9710013AAAD /* second@2x.png in Resources */ = {isa = PBXBuildFile; fileRef = 91D701081521D9710013AAAD /* second@2x.png */; };
		91D7010C1521D9710013AAAD /* FirstViewController_iPhone.xib in Resources */ = {isa = PBXBuildFile; fileRef = 91D7010A1521D9710013AAAD /* FirstViewController_iPhone.xib */; };
		91D7010F1521D9710013AAAD /* FirstViewController_iPad.xib in Resources */ = {isa = PBXBuildFile; fileRef = 91D7010D1521D9710013AAAD /* FirstViewController_iPad.xib */; };
		91D701121521D9710013AAAD /* SecondViewController_iPhone.xib in Resources */ = {isa = PBXBuildFile; fileRef = 91D701101521D9710013AAAD /* SecondViewController_iPhone.xib */; };
		91D701151521D9710013AAAD /* SecondViewController_iPad.xib in Resources */ = {isa = PBXBuildFile; fileRef = 91D701131521D9710013AAAD /* SecondViewController_iPad.xib */; };
		91D7011D1521D9710013AAAD /* SenTestingKit.framework in Frameworks */ = {isa = PBXBuildFile; fileRef = 91D7011C1521D9710013AAAD /* SenTestingKit.framework */; };
		91D7011E1521D9710013AAAD /* UIKit.framework in Frameworks */ = {isa = PBXBuildFile; fileRef = 91D700EA1521D9700013AAAD /* UIKit.framework */; };
		91D7011F1521D9710013AAAD /* Foundation.framework in Frameworks */ = {isa = PBXBuildFile; fileRef = 91D700EC1521D9700013AAAD /* Foundation.framework */; };
		91D701271521D9710013AAAD /* InfoPlist.strings in Resources */ = {isa = PBXBuildFile; fileRef = 91D701251521D9710013AAAD /* InfoPlist.strings */; };
		91D7012A1521D9710013AAAD /* Haidy_HouseTests.m in Sources */ = {isa = PBXBuildFile; fileRef = 91D701291521D9710013AAAD /* Haidy_HouseTests.m */; };
/* End PBXBuildFile section */

/* Begin PBXContainerItemProxy section */
		91D701201521D9710013AAAD /* PBXContainerItemProxy */ = {
			isa = PBXContainerItemProxy;
			containerPortal = 91D700DD1521D9700013AAAD /* Project object */;
			proxyType = 1;
			remoteGlobalIDString = 91D700E51521D9700013AAAD;
			remoteInfo = "Haidy House";
		};
/* End PBXContainerItemProxy section */

/* Begin PBXFileReference section */
		91D700E61521D9700013AAAD /* Haidy House.app */ = {isa = PBXFileReference; explicitFileType = wrapper.application; includeInIndex = 0; path = "Haidy House.app"; sourceTree = BUILT_PRODUCTS_DIR; };
		91D700EA1521D9700013AAAD /* UIKit.framework */ = {isa = PBXFileReference; lastKnownFileType = wrapper.framework; name = UIKit.framework; path = System/Library/Frameworks/UIKit.framework; sourceTree = SDKROOT; };
		91D700EC1521D9700013AAAD /* Foundation.framework */ = {isa = PBXFileReference; lastKnownFileType = wrapper.framework; name = Foundation.framework; path = System/Library/Frameworks/Foundation.framework; sourceTree = SDKROOT; };
		91D700EE1521D9700013AAAD /* CoreGraphics.framework */ = {isa = PBXFileReference; lastKnownFileType = wrapper.framework; name = CoreGraphics.framework; path = System/Library/Frameworks/CoreGraphics.framework; sourceTree = SDKROOT; };
		91D700F21521D9700013AAAD /* Haidy House-Info.plist */ = {isa = PBXFileReference; path = "Haidy House-Info.plist"; sourceTree = "<group>"; };
		91D700F41521D9700013AAAD /* en */ = {isa = PBXFileReference; lastKnownFileType = text.plist.strings; name = en; path = en.lproj/InfoPlist.strings; sourceTree = "<group>"; };
		91D700F61521D9700013AAAD /* main.m */ = {isa = PBXFileReference; lastKnownFileType = sourcecode.c.objc; path = main.m; sourceTree = "<group>"; };
		91D700F81521D9700013AAAD /* Haidy House-Prefix.pch */ = {isa = PBXFileReference; path = "Haidy House-Prefix.pch"; sourceTree = "<group>"; };
		91D700F91521D9700013AAAD /* AppDelegate.h */ = {isa = PBXFileReference; path = AppDelegate.h; sourceTree = "<group>"; };
		91D700FA1521D9700013AAAD /* AppDelegate.m */ = {isa = PBXFileReference; lastKnownFileType = sourcecode.c.objc; path = AppDelegate.m; sourceTree = "<group>"; };
		91D700FC1521D9700013AAAD /* FirstViewController.h */ = {isa = PBXFileReference; path = FirstViewController.h; sourceTree = "<group>"; };
		91D700FD1521D9700013AAAD /* FirstViewController.m */ = {isa = PBXFileReference; lastKnownFileType = sourcecode.c.objc; path = FirstViewController.m; sourceTree = "<group>"; };
		91D700FF1521D9710013AAAD /* first.png */ = {isa = PBXFileReference; lastKnownFileType = image.png; path = first.png; sourceTree = "<group>"; };
		91D701011521D9710013AAAD /* first@2x.png */ = {isa = PBXFileReference; lastKnownFileType = image.png; path = "first@2x.png"; sourceTree = "<group>"; };
		91D701031521D9710013AAAD /* SecondViewController.h */ = {isa = PBXFileReference; path = SecondViewController.h; sourceTree = "<group>"; };
		91D701041521D9710013AAAD /* SecondViewController.m */ = {isa = PBXFileReference; lastKnownFileType = sourcecode.c.objc; path = SecondViewController.m; sourceTree = "<group>"; };
		91D701061521D9710013AAAD /* second.png */ = {isa = PBXFileReference; lastKnownFileType = image.png; path = second.png; sourceTree = "<group>"; };
		91D701081521D9710013AAAD /* second@2x.png */ = {isa = PBXFileReference; lastKnownFileType = image.png; path = "second@2x.png"; sourceTree = "<group>"; };
		91D7010B1521D9710013AAAD /* en */ = {isa = PBXFileReference; lastKnownFileType = file.xib; name = en; path = en.lproj/FirstViewController_iPhone.xib; sourceTree = "<group>"; };
		91D7010E1521D9710013AAAD /* en */ = {isa = PBXFileReference; lastKnownFileType = file.xib; name = en; path = en.lproj/FirstViewController_iPad.xib; sourceTree = "<group>"; };
		91D701111521D9710013AAAD /* en */ = {isa = PBXFileReference; lastKnownFileType = file.xib; name = en; path = en.lproj/SecondViewController_iPhone.xib; sourceTree = "<group>"; };
		91D701141521D9710013AAAD /* en */ = {isa = PBXFileReference; lastKnownFileType = file.xib; name = en; path = en.lproj/SecondViewController_iPad.xib; sourceTree = "<group>"; };
		91D7011B1521D9710013AAAD /* Haidy HouseTests.octest */ = {isa = PBXFileReference; explicitFileType = wrapper.cfbundle; includeInIndex = 0; path = "Haidy HouseTests.octest"; sourceTree = BUILT_PRODUCTS_DIR; };
		91D7011C1521D9710013AAAD /* SenTestingKit.framework */ = {isa = PBXFileReference; lastKnownFileType = wrapper.framework; name = SenTestingKit.framework; path = Library/Frameworks/SenTestingKit.framework; sourceTree = DEVELOPER_DIR; };
		91D701241521D9710013AAAD /* Haidy HouseTests-Info.plist */ = {isa = PBXFileReference; path = "Haidy HouseTests-Info.plist"; sourceTree = "<group>"; };
		91D701261521D9710013AAAD /* en */ = {isa = PBXFileReference; lastKnownFileType = text.plist.strings; name = en; path = en.lproj/InfoPlist.strings; sourceTree = "<group>"; };
		91D701281521D9710013AAAD /* Haidy_HouseTests.h */ = {isa = PBXFileReference; path = Haidy_HouseTests.h; sourceTree = "<group>"; };
		91D701291521D9710013AAAD /* Haidy_HouseTests.m */ = {isa = PBXFileReference; lastKnownFileType = sourcecode.c.objc; path = Haidy_HouseTests.m; sourceTree = "<group>"; };
/* End PBXFileReference section */

/* Begin PBXFrameworksBuildPhase section */
		91D700E31521D9700013AAAD /* Frameworks */ = {
			isa = PBXFrameworksBuildPhase;
			buildActionMask = 2147483647;
			files = (
				91D700EB1521D9700013AAAD /* UIKit.framework in Frameworks */,
				91D700ED1521D9700013AAAD /* Foundation.framework in Frameworks */,
				91D700EF1521D9700013AAAD /* CoreGraphics.framework in Frameworks */,
			);
			runOnlyForDeploymentPostprocessing = 0;
		};
		91D701171521D9710013AAAD /* Frameworks */ = {
			isa = PBXFrameworksBuildPhase;
			buildActionMask = 2147483647;
			files = (
				91D7011D1521D9710013AAAD /* SenTestingKit.framework in Frameworks */,
				91D7011E1521D9710013AAAD /* UIKit.framework in Frameworks */,
				91D7011F1521D9710013AAAD /* Foundation.framework in Frameworks */,
			);
			runOnlyForDeploymentPostprocessing = 0;
		};
/* End PBXFrameworksBuildPhase section */

/* Begin PBXGroup section */
		91D700DB1521D9700013AAAD = {
			isa = PBXGroup;
			children = (
				91D700F01521D9700013AAAD /* Haidy House */,
				91D701221521D9710013AAAD /* Haidy HouseTests */,
				91D700E91521D9700013AAAD /* Frameworks */,
				91D700E71521D9700013AAAD /* Products */,
			);
			sourceTree = "<group>";
		};
		91D700E71521D9700013AAAD /* Products */ = {
			isa = PBXGroup;
			children = (
				91D700E61521D9700013AAAD /* Haidy House.app */,
				91D7011B1521D9710013AAAD /* Haidy HouseTests.octest */,
			);
			name = Products;
			sourceTree = "<group>";
		};
		91D700E91521D9700013AAAD /* Frameworks */ = {
			isa = PBXGroup;
			children = (
				91D700EA1521D9700013AAAD /* UIKit.framework */,
				91D700EC1521D9700013AAAD /* Foundation.framework */,
				91D700EE1521D9700013AAAD /* CoreGraphics.framework */,
				91D7011C1521D9710013AAAD /* SenTestingKit.framework */,
			);
			name = Frameworks;
			sourceTree = "<group>";
		};
		91D700F01521D9700013AAAD /* Haidy House */ = {
			isa = PBXGroup;
			children = (
				91D700F91521D9700013AAAD /* AppDelegate.h */,
				91D700FA1521D9700013AAAD /* AppDelegate.m */,
				91D700FC1521D9700013AAAD /* FirstViewController.h */,
				91D700FD1521D9700013AAAD /* FirstViewController.m */,
				91D700FF1521D9710013AAAD /* first.png */,
				91D701011521D9710013AAAD /* first@2x.png */,
				91D701031521D9710013AAAD /* SecondViewController.h */,
				91D701041521D9710013AAAD /* SecondViewController.m */,
				91D701061521D9710013AAAD /* second.png */,
				91D701081521D9710013AAAD /* second@2x.png */,
				91D7010A1521D9710013AAAD /* FirstViewController_iPhone.xib */,
				91D7010D1521D9710013AAAD /* FirstViewController_iPad.xib */,
				91D701101521D9710013AAAD /* SecondViewController_iPhone.xib */,
				91D701131521D9710013AAAD /* SecondViewController_iPad.xib */,
				91D700F11521D9700013AAAD /* Supporting Files */,
			);
			path = "Haidy House";
			sourceTree = "<group>";
		};
		91D700F11521D9700013AAAD /* Supporting Files */ = {
			isa = PBXGroup;
			children = (
				91D700F21521D9700013AAAD /* Haidy House-Info.plist */,
				91D700F31521D9700013AAAD /* InfoPlist.strings */,
				91D700F61521D9700013AAAD /* main.m */,
				91D700F81521D9700013AAAD /* Haidy House-Prefix.pch */,
			);
			name = "Supporting Files";
			sourceTree = "<group>";
		};
		91D701221521D9710013AAAD /* Haidy HouseTests */ = {
			isa = PBXGroup;
			children = (
				91D701281521D9710013AAAD /* Haidy_HouseTests.h */,
				91D701291521D9710013AAAD /* Haidy_HouseTests.m */,
				91D701231521D9710013AAAD /* Supporting Files */,
			);
			path = "Haidy HouseTests";
			sourceTree = "<group>";
		};
		91D701231521D9710013AAAD /* Supporting Files */ = {
			isa = PBXGroup;
			children = (
				91D701241521D9710013AAAD /* Haidy HouseTests-Info.plist */,
				91D701251521D9710013AAAD /* InfoPlist.strings */,
			);
			name = "Supporting Files";
			sourceTree = "<group>";
		};
/* End PBXGroup section */

/* Begin PBXNativeTarget section */
		91D700E51521D9700013AAAD /* Haidy House */ = {
			isa = PBXNativeTarget;
			buildConfigurationList = 91D7012D1521D9710013AAAD /* Build configuration list for PBXNativeTarget "Haidy House" */;
			buildPhases = (
				91D700E21521D9700013AAAD /* Sources */,
				91D700E31521D9700013AAAD /* Frameworks */,
				91D700E41521D9700013AAAD /* Resources */,
			);
			buildRules = (
			);
			dependencies = (
			);
			name = "Haidy House";
			productName = "Haidy House";
			productReference = 91D700E61521D9700013AAAD /* Haidy House.app */;
			productType = "com.apple.product-type.application";
		};
		91D7011A1521D9710013AAAD /* Haidy HouseTests */ = {
			isa = PBXNativeTarget;
			buildConfigurationList = 91D701301521D9710013AAAD /* Build configuration list for PBXNativeTarget "Haidy HouseTests" */;
			buildPhases = (
				91D701161521D9710013AAAD /* Sources */,
				91D701171521D9710013AAAD /* Frameworks */,
				91D701181521D9710013AAAD /* Resources */,
				91D701191521D9710013AAAD /* ShellScript */,
			);
			buildRules = (
			);
			dependencies = (
				91D701211521D9710013AAAD /* PBXTargetDependency */,
			);
			name = "Haidy HouseTests";
			productName = "Haidy HouseTests";
			productReference = 91D7011B1521D9710013AAAD /* Haidy HouseTests.octest */;
			productType = "com.apple.product-type.bundle";
		};
/* End PBXNativeTarget section */

/* Begin PBXProject section */
		91D700DD1521D9700013AAAD /* Project object */ = {
			isa = PBXProject;
			attributes = {
				LastUpgradeCheck = 0420;
			};
			buildConfigurationList = 91D700E01521D9700013AAAD /* Build configuration list for PBXProject "Haidy House" */;
			compatibilityVersion = "Xcode 3.2";
			developmentRegion = English;
			hasScannedForEncodings = 0;
			knownRegions = (
				en,
			);
			mainGroup = 91D700DB1521D9700013AAAD;
			productRefGroup = 91D700E71521D9700013AAAD /* Products */;
			projectDirPath = "";
			projectRoot = "";
			targets = (
				91D700E51521D9700013AAAD /* Haidy House */,
				91D7011A1521D9710013AAAD /* Haidy HouseTests */,
			);
		};
/* End PBXProject section */

/* Begin PBXResourcesBuildPhase section */
		91D700E41521D9700013AAAD /* Resources */ = {
			isa = PBXResourcesBuildPhase;
			buildActionMask = 2147483647;
			files = (
				91D700F51521D9700013AAAD /* InfoPlist.strings in Resources */,
				91D701001521D9710013AAAD /* first.png in Resources */,
				91D701021521D9710013AAAD /* first@2x.png in Resources */,
				91D701071521D9710013AAAD /* second.png in Resources */,
				91D701091521D9710013AAAD /* second@2x.png in Resources */,
				91D7010C1521D9710013AAAD /* FirstViewController_iPhone.xib in Resources */,
				91D7010F1521D9710013AAAD /* FirstViewController_iPad.xib in Resources */,
				91D701121521D9710013AAAD /* SecondViewController_iPhone.xib in Resources */,
				91D701151521D9710013AAAD /* SecondViewController_iPad.xib in Resources */,
			);
			runOnlyForDeploymentPostprocessing = 0;
		};
		91D701181521D9710013AAAD /* Resources */ = {
			isa = PBXResourcesBuildPhase;
			buildActionMask = 2147483647;
			files = (
				91D701271521D9710013AAAD /* InfoPlist.strings in Resources */,
			);
			runOnlyForDeploymentPostprocessing = 0;
		};
/* End PBXResourcesBuildPhase section */

/* Begin PBXShellScriptBuildPhase section */
		91D701191521D9710013AAAD /* ShellScript */ = {
			isa = PBXShellScriptBuildPhase;
			buildActionMask = 2147483647;
			files = (
			);
			inputPaths = (
			);
			outputPaths = (
			);
			runOnlyForDeploymentPostprocessing = 0;
			shellPath = /bin/sh;
			shellScript = "# Run the unit tests in this test bundle.\n\"${SYSTEM_DEVELOPER_DIR}/Tools/RunUnitTests\"\n";
		};
/* End PBXShellScriptBuildPhase section */

/* Begin PBXSourcesBuildPhase section */
		91D700E21521D9700013AAAD /* Sources */ = {
			isa = PBXSourcesBuildPhase;
			buildActionMask = 2147483647;
			files = (
				91D700F71521D9700013AAAD /* main.m in Sources */,
				91D700FB1521D9700013AAAD /* AppDelegate.m in Sources */,
				91D700FE1521D9700013AAAD /* FirstViewController.m in Sources */,
				91D701051521D9710013AAAD /* SecondViewController.m in Sources */,
			);
			runOnlyForDeploymentPostprocessing = 0;
		};
		91D701161521D9710013AAAD /* Sources */ = {
			isa = PBXSourcesBuildPhase;
			buildActionMask = 2147483647;
			files = (
				91D7012A1521D9710013AAAD /* Haidy_HouseTests.m in Sources */,
			);
			runOnlyForDeploymentPostprocessing = 0;
		};
/* End PBXSourcesBuildPhase section */

/* Begin PBXTargetDependency section */
		91D701211521D9710013AAAD /* PBXTargetDependency */ = {
			isa = PBXTargetDependency;
			target = 91D700E51521D9700013AAAD /* Haidy House */;
			targetProxy = 91D701201521D9710013AAAD /* PBXContainerItemProxy */;
		};
/* End PBXTargetDependency section */

/* Begin PBXVariantGroup section */
		91D700F31521D9700013AAAD /* InfoPlist.strings */ = {
			isa = PBXVariantGroup;
			children = (
				91D700F41521D9700013AAAD /* en */,
			);
			name = InfoPlist.strings;
			sourceTree = "<group>";
		};
		91D7010A1521D9710013AAAD /* FirstViewController_iPhone.xib */ = {
			isa = PBXVariantGroup;
			children = (
				91D7010B1521D9710013AAAD /* en */,
			);
			name = FirstViewController_iPhone.xib;
			sourceTree = "<group>";
		};
		91D7010D1521D9710013AAAD /* FirstViewController_iPad.xib */ = {
			isa = PBXVariantGroup;
			children = (
				91D7010E1521D9710013AAAD /* en */,
			);
			name = FirstViewController_iPad.xib;
			sourceTree = "<group>";
		};
		91D701101521D9710013AAAD /* SecondViewController_iPhone.xib */ = {
			isa = PBXVariantGroup;
			children = (
				91D701111521D9710013AAAD /* en */,
			);
			name = SecondViewController_iPhone.xib;
			sourceTree = "<group>";
		};
		91D701131521D9710013AAAD /* SecondViewController_iPad.xib */ = {
			isa = PBXVariantGroup;
			children = (
				91D701141521D9710013AAAD /* en */,
			);
			name = SecondViewController_iPad.xib;
			sourceTree = "<group>";
		};
		91D701251521D9710013AAAD /* InfoPlist.strings */ = {
			isa = PBXVariantGroup;
			children = (
				91D701261521D9710013AAAD /* en */,
			);
			name = InfoPlist.strings;
			sourceTree = "<group>";
		};
/* End PBXVariantGroup section */

/* Begin XCBuildConfiguration section */
		91D7012B1521D9710013AAAD /* Debug */ = {
			isa = XCBuildConfiguration;
			buildSettings = {
				ALWAYS_SEARCH_USER_PATHS = NO;
				ARCHS = "$(ARCHS_STANDARD_32_BIT)";
				CLANG_ENABLE_OBJC_ARC = YES;
				"CODE_SIGN_IDENTITY[sdk=iphoneos*]" = "iPhone Developer";
				COPY_PHASE_STRIP = NO;
				GCC_C_LANGUAGE_STANDARD = gnu99;
				GCC_DYNAMIC_NO_PIC = NO;
				GCC_OPTIMIZATION_LEVEL = 0;
				GCC_PREPROCESSOR_DEFINITIONS = (
					"DEBUG=1",
					"$(inherited)",
				);
				GCC_SYMBOLS_PRIVATE_EXTERN = NO;
				GCC_VERSION = com.apple.compilers.llvm.clang.1_0;
				GCC_WARN_ABOUT_MISSING_PROTOTYPES = YES;
				GCC_WARN_ABOUT_RETURN_TYPE = YES;
				GCC_WARN_UNUSED_VARIABLE = YES;
				IPHONEOS_DEPLOYMENT_TARGET = 5.0;
				SDKROOT = iphoneos;
				TARGETED_DEVICE_FAMILY = "1,2";
			};
			name = Debug;
		};
		91D7012C1521D9710013AAAD /* Release */ = {
			isa = XCBuildConfiguration;
			buildSettings = {
				ALWAYS_SEARCH_USER_PATHS = NO;
				ARCHS = "$(ARCHS_STANDARD_32_BIT)";
				CLANG_ENABLE_OBJC_ARC = YES;
				"CODE_SIGN_IDENTITY[sdk=iphoneos*]" = "iPhone Developer";
				COPY_PHASE_STRIP = YES;
				GCC_C_LANGUAGE_STANDARD = gnu99;
				GCC_VERSION = com.apple.compilers.llvm.clang.1_0;
				GCC_WARN_ABOUT_MISSING_PROTOTYPES = YES;
				GCC_WARN_ABOUT_RETURN_TYPE = YES;
				GCC_WARN_UNUSED_VARIABLE = YES;
				IPHONEOS_DEPLOYMENT_TARGET = 5.0;
				OTHER_CFLAGS = "-DNS_BLOCK_ASSERTIONS=1";
				SDKROOT = iphoneos;
				TARGETED_DEVICE_FAMILY = "1,2";
				VALIDATE_PRODUCT = YES;
			};
			name = Release;
		};
		91D7012E1521D9710013AAAD /* Debug */ = {
			isa = XCBuildConfiguration;
			buildSettings = {
				GCC_PRECOMPILE_PREFIX_HEADER = YES;
				GCC_PREFIX_HEADER = "Haidy House/Haidy House-Prefix.pch";
				INFOPLIST_FILE = "Haidy House/Haidy House-Info.plist";
				PRODUCT_NAME = "$(TARGET_NAME)";
				WRAPPER_EXTENSION = app;
			};
			name = Debug;
		};
		91D7012F1521D9710013AAAD /* Release */ = {
			isa = XCBuildConfiguration;
			buildSettings = {
				GCC_PRECOMPILE_PREFIX_HEADER = YES;
				GCC_PREFIX_HEADER = "Haidy House/Haidy House-Prefix.pch";
				INFOPLIST_FILE = "Haidy House/Haidy House-Info.plist";
				PRODUCT_NAME = "$(TARGET_NAME)";
				WRAPPER_EXTENSION = app;
			};
			name = Release;
		};
		91D701311521D9710013AAAD /* Debug */ = {
			isa = XCBuildConfiguration;
			buildSettings = {
				BUNDLE_LOADER = "$(BUILT_PRODUCTS_DIR)/Haidy House.app/Haidy House";
				FRAMEWORK_SEARCH_PATHS = (
					"$(SDKROOT)/Developer/Library/Frameworks",
					"$(DEVELOPER_LIBRARY_DIR)/Frameworks",
				);
				GCC_PRECOMPILE_PREFIX_HEADER = YES;
				GCC_PREFIX_HEADER = "Haidy House/Haidy House-Prefix.pch";
				INFOPLIST_FILE = "Haidy HouseTests/Haidy HouseTests-Info.plist";
				PRODUCT_NAME = "$(TARGET_NAME)";
				TEST_HOST = "$(BUNDLE_LOADER)";
				WRAPPER_EXTENSION = octest;
			};
			name = Debug;
		};
		91D701321521D9710013AAAD /* Release */ = {
			isa = XCBuildConfiguration;
			buildSettings = {
				BUNDLE_LOADER = "$(BUILT_PRODUCTS_DIR)/Haidy House.app/Haidy House";
				FRAMEWORK_SEARCH_PATHS = (
					"$(SDKROOT)/Developer/Library/Frameworks",
					"$(DEVELOPER_LIBRARY_DIR)/Frameworks",
				);
				GCC_PRECOMPILE_PREFIX_HEADER = YES;
				GCC_PREFIX_HEADER = "Haidy House/Haidy House-Prefix.pch";
				INFOPLIST_FILE = "Haidy HouseTests/Haidy HouseTests-Info.plist";
				PRODUCT_NAME = "$(TARGET_NAME)";
				TEST_HOST = "$(BUNDLE_LOADER)";
				WRAPPER_EXTENSION = octest;
			};
			name = Release;
		};
/* End XCBuildConfiguration section */

/* Begin XCConfigurationList section */
		91D700E01521D9700013AAAD /* Build configuration list for PBXProject "Haidy House" */ = {
			isa = XCConfigurationList;
			buildConfigurations = (
				91D7012B1521D9710013AAAD /* Debug */,
				91D7012C1521D9710013AAAD /* Release */,
			);
			defaultConfigurationIsVisible = 0;
			defaultConfigurationName = Release;
		};
		91D7012D1521D9710013AAAD /* Build configuration list for PBXNativeTarget "Haidy House" */ = {
			isa = XCConfigurationList;
			buildConfigurations = (
				91D7012E1521D9710013AAAD /* Debug */,
				91D7012F1521D9710013AAAD /* Release */,
			);
			defaultConfigurationIsVisible = 0;
		};
		91D701301521D9710013AAAD /* Build configuration list for PBXNativeTarget "Haidy HouseTests" */ = {
			isa = XCConfigurationList;
			buildConfigurations = (
				91D701311521D9710013AAAD /* Debug */,
				91D701321521D9710013AAAD /* Release */,
			);
			defaultConfigurationIsVisible = 0;
		};
/* End XCConfigurationList section */
	};
	rootObject = 91D700DD1521D9700013AAAD /* Project object */;
}
